
Microsoft Visual Studio Solution File, Format Version 11.00
# Visual C# Express 2010
Project("{FAE04EC0-301F-11D3-BF4B-00C04F79EFBC}") = "Euler", "Euler\Euler.csproj", "{DEA2EC4D-FD7B-42D9-A194-C88119279D1E}"
EndProject
Project("{FAE04EC0-301F-11D3-BF4B-00C04F79EFBC}") = "PanDigital", "PanDigital\PanDigital.csproj", "{31BC8D77-CC72-42B9-80C3-DA98352B5DCD}"
EndProject
Project("{FAE04EC0-301F-11D3-BF4B-00C04F79EFBC}") = "001Multiples", "001Multiples\001Multiples.csproj", "{5F46B0AF-332B-4FEB-AEEA-1F95EC868BF5}"
EndProject
Project("{FAE04EC0-301F-11D3-BF4B-00C04F79EFBC}") = "002EvenFibonacci", "002EvenFibonacci\002EvenFibonacci.csproj", "{4A9F9382-491E-4450-9ED0-D9D9E4ACCE9A}"
EndProject
Project("{FAE04EC0-301F-11D3-BF4B-00C04F79EFBC}") = "003LargestPrimeNumber", "003LargestPrimeNumber\003LargestPrimeNumber.csproj", "{5CD248D3-4935-4C80-8EDF-CDC590270938}"
EndProject
Project("{FAE04EC0-301F-11D3-BF4B-00C04F79EFBC}") = "004PalindromeProduct", "004PalindromeProduct\004PalindromeProduct.csproj", "{05FAE8F7-F50F-430B-BDD8-C1D3D8832CC9}"
EndProject
Project("{FAE04EC0-301F-11D3-BF4B-00C04F79EFBC}") = "005SmallestMultiple", "005SmallestMultiple\005SmallestMultiple.csproj", "{B420E19E-0F43-4FCF-B543-D47FEA44239B}"
EndProject
Project("{FAE04EC0-301F-11D3-BF4B-00C04F79EFBC}") = "006SumSquareDiff", "006SumSquareDiff\006SumSquareDiff.csproj", "{39EA0498-DEF4-423D-B116-8F93DFA68866}"
EndProject
Project("{FAE04EC0-301F-11D3-BF4B-00C04F79EFBC}") = "007NthPrime", "007NthPrime\007NthPrime.csproj", "{F5143DF1-2AC8-4BFD-83FD-6AC36A1FD5D7}"
EndProject
Project("{FAE04EC0-301F-11D3-BF4B-00C04F79EFBC}") = "008LargestProductInSeries", "008LargestProductInSeries\008LargestProductInSeries.csproj", "{89580425-2FDE-4C1A-8747-95A929FE1470}"
EndProject
Project("{FAE04EC0-301F-11D3-BF4B-00C04F79EFBC}") = "009SpecialPythagorean", "009SpecialPythagorean\009SpecialPythagorean.csproj", "{0E928B41-7361-4C1B-B8A5-A56059CB4143}"
EndProject
Project("{FAE04EC0-301F-11D3-BF4B-00C04F79EFBC}") = "010SummationPrimes", "010SummationPrimes\010SummationPrimes.csproj", "{14E816F6-4321-454D-90D2-AC62732ED292}"
EndProject
Project("{FAE04EC0-301F-11D3-BF4B-00C04F79EFBC}") = "011LargestProductInGrid", "011LargestProductInGrid\011LargestProductInGrid.csproj", "{8861358A-4E41-456D-81C0-6489065FF543}"
EndProject
Project("{FAE04EC0-301F-11D3-BF4B-00C04F79EFBC}") = "012TriangularNumber", "012TriangularNumber\012TriangularNumber.csproj", "{7FF893E9-759E-44B4-9069-424B75746D7B}"
EndProject
Project("{FAE04EC0-301F-11D3-BF4B-00C04F79EFBC}") = "013LargeSum", "013LargeSum\013LargeSum.csproj", "{47A0E63F-03EE-4F31-BE8D-F93ED045B8ED}"
EndProject
Project("{FAE04EC0-301F-11D3-BF4B-00C04F79EFBC}") = "014LongestCollatz", "014LongestCollatz\014LongestCollatz.csproj", "{20718CBA-B7E1-40C2-9213-E197713FB469}"
EndProject
Project("{FAE04EC0-301F-11D3-BF4B-00C04F79EFBC}") = "015LatticePaths", "015LatticePaths\015LatticePaths.csproj", "{226AAE4B-884D-442D-86C8-4F3F3D664B5F}"
EndProject
Project("{FAE04EC0-301F-11D3-BF4B-00C04F79EFBC}") = "016PowerDigitSum", "016PowerDigitSum\016PowerDigitSum.csproj", "{5154F815-99B7-4757-A19E-382F1A16C678}"
EndProject
Project("{FAE04EC0-301F-11D3-BF4B-00C04F79EFBC}") = "017NumberToWords", "017NumberToWords\017NumberToWords.csproj", "{0AE3438A-A28E-49AD-BF7E-518D16D70DE0}"
EndProject
Project("{FAE04EC0-301F-11D3-BF4B-00C04F79EFBC}") = "018MaximumPathSum", "018MaximumPathSum\018MaximumPathSum.csproj", "{D2862E8E-58FD-4A10-A2DB-3023F5E4C173}"
EndProject
Project("{FAE04EC0-301F-11D3-BF4B-00C04F79EFBC}") = "019SundaysCount", "019SundaysCount\019SundaysCount.csproj", "{F3CDFB32-FB2F-4765-857B-1344FCB87D14}"
EndProject
Project("{FAE04EC0-301F-11D3-BF4B-00C04F79EFBC}") = "020FactorialDigitsSum", "020FactorialDigitsSum\020FactorialDigitsSum.csproj", "{5A698018-A0B0-4CE1-AFF2-9EB6411BB417}"
EndProject
Project("{FAE04EC0-301F-11D3-BF4B-00C04F79EFBC}") = "021AmicableNumbers", "021AmicableNumbers\021AmicableNumbers.csproj", "{163146FE-4FB6-48AD-9F2D-EE52312D3271}"
EndProject
Project("{FAE04EC0-301F-11D3-BF4B-00C04F79EFBC}") = "022NamesScore", "022NamesScore\022NamesScore.csproj", "{B7E3A5A2-6F0F-497D-93C7-0DBB47FB625C}"
EndProject
Project("{FAE04EC0-301F-11D3-BF4B-00C04F79EFBC}") = "023NonAbundantNumbers", "023NonAbundantNumbers\023NonAbundantNumbers.csproj", "{68652E76-7B9D-44FC-A943-1DB7EB74DD4A}"
EndProject
Global
	GlobalSection(SolutionConfigurationPlatforms) = preSolution
		Debug|x86 = Debug|x86
		Release|x86 = Release|x86
	EndGlobalSection
	GlobalSection(ProjectConfigurationPlatforms) = postSolution
		{DEA2EC4D-FD7B-42D9-A194-C88119279D1E}.Debug|x86.ActiveCfg = Debug|x86
		{DEA2EC4D-FD7B-42D9-A194-C88119279D1E}.Debug|x86.Build.0 = Debug|x86
		{DEA2EC4D-FD7B-42D9-A194-C88119279D1E}.Release|x86.ActiveCfg = Release|x86
		{DEA2EC4D-FD7B-42D9-A194-C88119279D1E}.Release|x86.Build.0 = Release|x86
		{31BC8D77-CC72-42B9-80C3-DA98352B5DCD}.Debug|x86.ActiveCfg = Debug|x86
		{31BC8D77-CC72-42B9-80C3-DA98352B5DCD}.Debug|x86.Build.0 = Debug|x86
		{31BC8D77-CC72-42B9-80C3-DA98352B5DCD}.Release|x86.ActiveCfg = Release|x86
		{31BC8D77-CC72-42B9-80C3-DA98352B5DCD}.Release|x86.Build.0 = Release|x86
		{5F46B0AF-332B-4FEB-AEEA-1F95EC868BF5}.Debug|x86.ActiveCfg = Debug|x86
		{5F46B0AF-332B-4FEB-AEEA-1F95EC868BF5}.Debug|x86.Build.0 = Debug|x86
		{5F46B0AF-332B-4FEB-AEEA-1F95EC868BF5}.Release|x86.ActiveCfg = Release|x86
		{5F46B0AF-332B-4FEB-AEEA-1F95EC868BF5}.Release|x86.Build.0 = Release|x86
		{4A9F9382-491E-4450-9ED0-D9D9E4ACCE9A}.Debug|x86.ActiveCfg = Debug|x86
		{4A9F9382-491E-4450-9ED0-D9D9E4ACCE9A}.Debug|x86.Build.0 = Debug|x86
		{4A9F9382-491E-4450-9ED0-D9D9E4ACCE9A}.Release|x86.ActiveCfg = Release|x86
		{4A9F9382-491E-4450-9ED0-D9D9E4ACCE9A}.Release|x86.Build.0 = Release|x86
		{5CD248D3-4935-4C80-8EDF-CDC590270938}.Debug|x86.ActiveCfg = Debug|x86
		{5CD248D3-4935-4C80-8EDF-CDC590270938}.Debug|x86.Build.0 = Debug|x86
		{5CD248D3-4935-4C80-8EDF-CDC590270938}.Release|x86.ActiveCfg = Release|x86
		{5CD248D3-4935-4C80-8EDF-CDC590270938}.Release|x86.Build.0 = Release|x86
		{05FAE8F7-F50F-430B-BDD8-C1D3D8832CC9}.Debug|x86.ActiveCfg = Debug|x86
		{05FAE8F7-F50F-430B-BDD8-C1D3D8832CC9}.Debug|x86.Build.0 = Debug|x86
		{05FAE8F7-F50F-430B-BDD8-C1D3D8832CC9}.Release|x86.ActiveCfg = Release|x86
		{05FAE8F7-F50F-430B-BDD8-C1D3D8832CC9}.Release|x86.Build.0 = Release|x86
		{B420E19E-0F43-4FCF-B543-D47FEA44239B}.Debug|x86.ActiveCfg = Debug|x86
		{B420E19E-0F43-4FCF-B543-D47FEA44239B}.Debug|x86.Build.0 = Debug|x86
		{B420E19E-0F43-4FCF-B543-D47FEA44239B}.Release|x86.ActiveCfg = Release|x86
		{B420E19E-0F43-4FCF-B543-D47FEA44239B}.Release|x86.Build.0 = Release|x86
		{39EA0498-DEF4-423D-B116-8F93DFA68866}.Debug|x86.ActiveCfg = Debug|x86
		{39EA0498-DEF4-423D-B116-8F93DFA68866}.Debug|x86.Build.0 = Debug|x86
		{39EA0498-DEF4-423D-B116-8F93DFA68866}.Release|x86.ActiveCfg = Release|x86
		{39EA0498-DEF4-423D-B116-8F93DFA68866}.Release|x86.Build.0 = Release|x86
		{F5143DF1-2AC8-4BFD-83FD-6AC36A1FD5D7}.Debug|x86.ActiveCfg = Debug|x86
		{F5143DF1-2AC8-4BFD-83FD-6AC36A1FD5D7}.Debug|x86.Build.0 = Debug|x86
		{F5143DF1-2AC8-4BFD-83FD-6AC36A1FD5D7}.Release|x86.ActiveCfg = Release|x86
		{F5143DF1-2AC8-4BFD-83FD-6AC36A1FD5D7}.Release|x86.Build.0 = Release|x86
		{89580425-2FDE-4C1A-8747-95A929FE1470}.Debug|x86.ActiveCfg = Debug|x86
		{89580425-2FDE-4C1A-8747-95A929FE1470}.Debug|x86.Build.0 = Debug|x86
		{89580425-2FDE-4C1A-8747-95A929FE1470}.Release|x86.ActiveCfg = Release|x86
		{89580425-2FDE-4C1A-8747-95A929FE1470}.Release|x86.Build.0 = Release|x86
		{0E928B41-7361-4C1B-B8A5-A56059CB4143}.Debug|x86.ActiveCfg = Debug|x86
		{0E928B41-7361-4C1B-B8A5-A56059CB4143}.Debug|x86.Build.0 = Debug|x86
		{0E928B41-7361-4C1B-B8A5-A56059CB4143}.Release|x86.ActiveCfg = Release|x86
		{0E928B41-7361-4C1B-B8A5-A56059CB4143}.Release|x86.Build.0 = Release|x86
		{14E816F6-4321-454D-90D2-AC62732ED292}.Debug|x86.ActiveCfg = Debug|x86
		{14E816F6-4321-454D-90D2-AC62732ED292}.Debug|x86.Build.0 = Debug|x86
		{14E816F6-4321-454D-90D2-AC62732ED292}.Release|x86.ActiveCfg = Release|x86
		{14E816F6-4321-454D-90D2-AC62732ED292}.Release|x86.Build.0 = Release|x86
		{8861358A-4E41-456D-81C0-6489065FF543}.Debug|x86.ActiveCfg = Debug|x86
		{8861358A-4E41-456D-81C0-6489065FF543}.Debug|x86.Build.0 = Debug|x86
		{8861358A-4E41-456D-81C0-6489065FF543}.Release|x86.ActiveCfg = Release|x86
		{8861358A-4E41-456D-81C0-6489065FF543}.Release|x86.Build.0 = Release|x86
		{7FF893E9-759E-44B4-9069-424B75746D7B}.Debug|x86.ActiveCfg = Debug|x86
		{7FF893E9-759E-44B4-9069-424B75746D7B}.Debug|x86.Build.0 = Debug|x86
		{7FF893E9-759E-44B4-9069-424B75746D7B}.Release|x86.ActiveCfg = Release|x86
		{7FF893E9-759E-44B4-9069-424B75746D7B}.Release|x86.Build.0 = Release|x86
		{47A0E63F-03EE-4F31-BE8D-F93ED045B8ED}.Debug|x86.ActiveCfg = Debug|x86
		{47A0E63F-03EE-4F31-BE8D-F93ED045B8ED}.Debug|x86.Build.0 = Debug|x86
		{47A0E63F-03EE-4F31-BE8D-F93ED045B8ED}.Release|x86.ActiveCfg = Release|x86
		{47A0E63F-03EE-4F31-BE8D-F93ED045B8ED}.Release|x86.Build.0 = Release|x86
		{20718CBA-B7E1-40C2-9213-E197713FB469}.Debug|x86.ActiveCfg = Debug|x86
		{20718CBA-B7E1-40C2-9213-E197713FB469}.Debug|x86.Build.0 = Debug|x86
		{20718CBA-B7E1-40C2-9213-E197713FB469}.Release|x86.ActiveCfg = Release|x86
		{20718CBA-B7E1-40C2-9213-E197713FB469}.Release|x86.Build.0 = Release|x86
		{226AAE4B-884D-442D-86C8-4F3F3D664B5F}.Debug|x86.ActiveCfg = Debug|x86
		{226AAE4B-884D-442D-86C8-4F3F3D664B5F}.Debug|x86.Build.0 = Debug|x86
		{226AAE4B-884D-442D-86C8-4F3F3D664B5F}.Release|x86.ActiveCfg = Release|x86
		{226AAE4B-884D-442D-86C8-4F3F3D664B5F}.Release|x86.Build.0 = Release|x86
		{5154F815-99B7-4757-A19E-382F1A16C678}.Debug|x86.ActiveCfg = Debug|x86
		{5154F815-99B7-4757-A19E-382F1A16C678}.Debug|x86.Build.0 = Debug|x86
		{5154F815-99B7-4757-A19E-382F1A16C678}.Release|x86.ActiveCfg = Release|x86
		{5154F815-99B7-4757-A19E-382F1A16C678}.Release|x86.Build.0 = Release|x86
		{0AE3438A-A28E-49AD-BF7E-518D16D70DE0}.Debug|x86.ActiveCfg = Debug|x86
		{0AE3438A-A28E-49AD-BF7E-518D16D70DE0}.Debug|x86.Build.0 = Debug|x86
		{0AE3438A-A28E-49AD-BF7E-518D16D70DE0}.Release|x86.ActiveCfg = Release|x86
		{0AE3438A-A28E-49AD-BF7E-518D16D70DE0}.Release|x86.Build.0 = Release|x86
		{D2862E8E-58FD-4A10-A2DB-3023F5E4C173}.Debug|x86.ActiveCfg = Debug|x86
		{D2862E8E-58FD-4A10-A2DB-3023F5E4C173}.Debug|x86.Build.0 = Debug|x86
		{D2862E8E-58FD-4A10-A2DB-3023F5E4C173}.Release|x86.ActiveCfg = Release|x86
		{D2862E8E-58FD-4A10-A2DB-3023F5E4C173}.Release|x86.Build.0 = Release|x86
		{F3CDFB32-FB2F-4765-857B-1344FCB87D14}.Debug|x86.ActiveCfg = Debug|x86
		{F3CDFB32-FB2F-4765-857B-1344FCB87D14}.Debug|x86.Build.0 = Debug|x86
		{F3CDFB32-FB2F-4765-857B-1344FCB87D14}.Release|x86.ActiveCfg = Release|x86
		{F3CDFB32-FB2F-4765-857B-1344FCB87D14}.Release|x86.Build.0 = Release|x86
		{5A698018-A0B0-4CE1-AFF2-9EB6411BB417}.Debug|x86.ActiveCfg = Debug|x86
		{5A698018-A0B0-4CE1-AFF2-9EB6411BB417}.Debug|x86.Build.0 = Debug|x86
		{5A698018-A0B0-4CE1-AFF2-9EB6411BB417}.Release|x86.ActiveCfg = Release|x86
		{5A698018-A0B0-4CE1-AFF2-9EB6411BB417}.Release|x86.Build.0 = Release|x86
		{163146FE-4FB6-48AD-9F2D-EE52312D3271}.Debug|x86.ActiveCfg = Debug|x86
		{163146FE-4FB6-48AD-9F2D-EE52312D3271}.Debug|x86.Build.0 = Debug|x86
		{163146FE-4FB6-48AD-9F2D-EE52312D3271}.Release|x86.ActiveCfg = Release|x86
		{163146FE-4FB6-48AD-9F2D-EE52312D3271}.Release|x86.Build.0 = Release|x86
		{B7E3A5A2-6F0F-497D-93C7-0DBB47FB625C}.Debug|x86.ActiveCfg = Debug|x86
		{B7E3A5A2-6F0F-497D-93C7-0DBB47FB625C}.Debug|x86.Build.0 = Debug|x86
		{B7E3A5A2-6F0F-497D-93C7-0DBB47FB625C}.Release|x86.ActiveCfg = Release|x86
		{B7E3A5A2-6F0F-497D-93C7-0DBB47FB625C}.Release|x86.Build.0 = Release|x86
		{68652E76-7B9D-44FC-A943-1DB7EB74DD4A}.Debug|x86.ActiveCfg = Debug|x86
		{68652E76-7B9D-44FC-A943-1DB7EB74DD4A}.Debug|x86.Build.0 = Debug|x86
		{68652E76-7B9D-44FC-A943-1DB7EB74DD4A}.Release|x86.ActiveCfg = Release|x86
		{68652E76-7B9D-44FC-A943-1DB7EB74DD4A}.Release|x86.Build.0 = Release|x86
	EndGlobalSection
	GlobalSection(SolutionProperties) = preSolution
		HideSolutionNode = FALSE
	EndGlobalSection
EndGlobal
